// !$*UTF8*$!
{
	archiveVersion = 1;
	classes = {
	};
	objectVersion = 46;
	objects = {

/* Begin PBXBuildFile section */
		58109DE91BE1884500C66B72 /* AdSupport.framework in Frameworks */ = {isa = PBXBuildFile; fileRef = 58109DE81BE1884500C66B72 /* AdSupport.framework */; };
		58109DEB1BE1885800C66B72 /* AVFoundation.framework in Frameworks */ = {isa = PBXBuildFile; fileRef = 58109DEA1BE1885800C66B72 /* AVFoundation.framework */; };
		58109DED1BE1886900C66B72 /* CoreLocation.framework in Frameworks */ = {isa = PBXBuildFile; fileRef = 58109DEC1BE1886900C66B72 /* CoreLocation.framework */; };
		58109DEF1BE1887300C66B72 /* CoreTelephony.framework in Frameworks */ = {isa = PBXBuildFile; fileRef = 58109DEE1BE1887300C66B72 /* CoreTelephony.framework */; };
		58109DF11BE1889600C66B72 /* MobileCoreServices.framework in Frameworks */ = {isa = PBXBuildFile; fileRef = 58109DF01BE1889600C66B72 /* MobileCoreServices.framework */; };
		58109DF31BE1889F00C66B72 /* PassKit.framework in Frameworks */ = {isa = PBXBuildFile; fileRef = 58109DF21BE1889F00C66B72 /* PassKit.framework */; };
		58109DF51BE188FC00C66B72 /* CoreMedia.framework in Frameworks */ = {isa = PBXBuildFile; fileRef = 58109DF41BE188FC00C66B72 /* CoreMedia.framework */; };
		58109DF81BE1890C00C66B72 /* EventKit.framework in Frameworks */ = {isa = PBXBuildFile; fileRef = 58109DF61BE1890C00C66B72 /* EventKit.framework */; };
		58109DF91BE1890C00C66B72 /* EventKitUI.framework in Frameworks */ = {isa = PBXBuildFile; fileRef = 58109DF71BE1890C00C66B72 /* EventKitUI.framework */; };
		58109DFB1BE1894300C66B72 /* libxml2.tbd in Frameworks */ = {isa = PBXBuildFile; fileRef = 58109DFA1BE1894300C66B72 /* libxml2.tbd */; };
		58109DFD1BE1894C00C66B72 /* CoreBluetooth.framework in Frameworks */ = {isa = PBXBuildFile; fileRef = 58109DFC1BE1894C00C66B72 /* CoreBluetooth.framework */; };
		5889CAE91C25F0BB006D1756 /* Settings.bundle in Resources */ = {isa = PBXBuildFile; fileRef = 5889CAE81C25F0BB006D1756 /* Settings.bundle */; };
		58F0792B188C579800638658 /* StoreKit.framework in Frameworks */ = {isa = PBXBuildFile; fileRef = 58F0792A188C579800638658 /* StoreKit.framework */; };
		A522F1961E674C4D00C92A57 /* WorkoutTVC_Workout5Round__Rep_TableViewCell.swift in Sources */ = {isa = PBXBuildFile; fileRef = A522F1951E674C4D00C92A57 /* WorkoutTVC_Workout5Round__Rep_TableViewCell.swift */; };
		A57206BE185F631B00638698 /* Foundation.framework in Frameworks */ = {isa = PBXBuildFile; fileRef = A57206BD185F631B00638698 /* Foundation.framework */; };
		A57206C0185F631B00638698 /* CoreGraphics.framework in Frameworks */ = {isa = PBXBuildFile; fileRef = A57206BF185F631B00638698 /* CoreGraphics.framework */; };
		A57206C2185F631B00638698 /* UIKit.framework in Frameworks */ = {isa = PBXBuildFile; fileRef = A57206C1185F631B00638698 /* UIKit.framework */; };
		A57206C4185F631B00638698 /* CoreData.framework in Frameworks */ = {isa = PBXBuildFile; fileRef = A57206C3185F631B00638698 /* CoreData.framework */; };
		A57206CA185F631B00638698 /* InfoPlist.strings in Resources */ = {isa = PBXBuildFile; fileRef = A57206C8185F631B00638698 /* InfoPlist.strings */; };
		A57206D3185F631B00638698 /* _0_DWT_3.xcdatamodeld in Sources */ = {isa = PBXBuildFile; fileRef = A57206D1185F631B00638698 /* _0_DWT_3.xcdatamodeld */; };
		A57206D5185F631B00638698 /* Images.xcassets in Resources */ = {isa = PBXBuildFile; fileRef = A57206D4185F631B00638698 /* Images.xcassets */; };
		A57206DC185F631B00638698 /* XCTest.framework in Frameworks */ = {isa = PBXBuildFile; fileRef = A57206DB185F631B00638698 /* XCTest.framework */; };
		A57206DD185F631B00638698 /* Foundation.framework in Frameworks */ = {isa = PBXBuildFile; fileRef = A57206BD185F631B00638698 /* Foundation.framework */; };
		A57206DE185F631B00638698 /* UIKit.framework in Frameworks */ = {isa = PBXBuildFile; fileRef = A57206C1185F631B00638698 /* UIKit.framework */; };
		A57206DF185F631B00638698 /* CoreData.framework in Frameworks */ = {isa = PBXBuildFile; fileRef = A57206C3185F631B00638698 /* CoreData.framework */; };
		A57206E7185F631B00638698 /* InfoPlist.strings in Resources */ = {isa = PBXBuildFile; fileRef = A57206E5185F631B00638698 /* InfoPlist.strings */; };
		A57206E9185F631B00638698 /* _0_DWT_3Tests.m in Sources */ = {isa = PBXBuildFile; fileRef = A57206E8185F631B00638698 /* _0_DWT_3Tests.m */; };
		A5720770185F82C300638698 /* Security.framework in Frameworks */ = {isa = PBXBuildFile; fileRef = A572076F185F82C300638698 /* Security.framework */; };
		A5720772185F82D600638698 /* QuartzCore.framework in Frameworks */ = {isa = PBXBuildFile; fileRef = A5720771185F82D600638698 /* QuartzCore.framework */; };
		A5720774185F82E500638698 /* Social.framework in Frameworks */ = {isa = PBXBuildFile; fileRef = A5720773185F82E500638698 /* Social.framework */; };
		A5720776185F82F500638698 /* AudioToolbox.framework in Frameworks */ = {isa = PBXBuildFile; fileRef = A5720775185F82F500638698 /* AudioToolbox.framework */; };
		A5720778185F830100638698 /* CoreImage.framework in Frameworks */ = {isa = PBXBuildFile; fileRef = A5720777185F830100638698 /* CoreImage.framework */; };
		A572077C185F833500638698 /* MessageUI.framework in Frameworks */ = {isa = PBXBuildFile; fileRef = A572077B185F833500638698 /* MessageUI.framework */; };
		A572077E185F834D00638698 /* SystemConfiguration.framework in Frameworks */ = {isa = PBXBuildFile; fileRef = A572077D185F834D00638698 /* SystemConfiguration.framework */; };
		A5720780185F835D00638698 /* Twitter.framework in Frameworks */ = {isa = PBXBuildFile; fileRef = A572077F185F835D00638698 /* Twitter.framework */; };
		A5720782185F836A00638698 /* MediaPlayer.framework in Frameworks */ = {isa = PBXBuildFile; fileRef = A5720781185F836A00638698 /* MediaPlayer.framework */; };
		A5853A2B1E6E0C65007E1E7E /* WorkoutTVC_Workout5Round_Weight_TableViewCell.swift in Sources */ = {isa = PBXBuildFile; fileRef = A5853A2A1E6E0C65007E1E7E /* WorkoutTVC_Workout5Round_Weight_TableViewCell.swift */; };
		A5A5F6E31E8EB26900A4FB79 /* Session+CoreDataClass.swift in Sources */ = {isa = PBXBuildFile; fileRef = A5A5F6E11E8EB26900A4FB79 /* Session+CoreDataClass.swift */; };
		A5A5F6E41E8EB26900A4FB79 /* Session+CoreDataProperties.swift in Sources */ = {isa = PBXBuildFile; fileRef = A5A5F6E21E8EB26900A4FB79 /* Session+CoreDataProperties.swift */; };
		A5B641C91E5C950400A747BA /* AutoLock+CoreDataClass.swift in Sources */ = {isa = PBXBuildFile; fileRef = A5B641B71E5C950400A747BA /* AutoLock+CoreDataClass.swift */; };
		A5B641CA1E5C950400A747BA /* AutoLock+CoreDataProperties.swift in Sources */ = {isa = PBXBuildFile; fileRef = A5B641B81E5C950400A747BA /* AutoLock+CoreDataProperties.swift */; };
		A5B641CB1E5C950400A747BA /* Workout+CoreDataClass.swift in Sources */ = {isa = PBXBuildFile; fileRef = A5B641B91E5C950400A747BA /* Workout+CoreDataClass.swift */; };
		A5B641CC1E5C950400A747BA /* Workout+CoreDataProperties.swift in Sources */ = {isa = PBXBuildFile; fileRef = A5B641BA1E5C950400A747BA /* Workout+CoreDataProperties.swift */; };
		A5B641CD1E5C950400A747BA /* WorkoutCompleteDate+CoreDataClass.swift in Sources */ = {isa = PBXBuildFile; fileRef = A5B641BB1E5C950400A747BA /* WorkoutCompleteDate+CoreDataClass.swift */; };
		A5B641CE1E5C950400A747BA /* WorkoutCompleteDate+CoreDataProperties.swift in Sources */ = {isa = PBXBuildFile; fileRef = A5B641BC1E5C950400A747BA /* WorkoutCompleteDate+CoreDataProperties.swift */; };
		A5B641CF1E5C950400A747BA /* Email+CoreDataClass.swift in Sources */ = {isa = PBXBuildFile; fileRef = A5B641BD1E5C950400A747BA /* Email+CoreDataClass.swift */; };
		A5B641D01E5C950400A747BA /* Email+CoreDataProperties.swift in Sources */ = {isa = PBXBuildFile; fileRef = A5B641BE1E5C950400A747BA /* Email+CoreDataProperties.swift */; };
		A5B641D11E5C950400A747BA /* Measurement+CoreDataClass.swift in Sources */ = {isa = PBXBuildFile; fileRef = A5B641BF1E5C950400A747BA /* Measurement+CoreDataClass.swift */; };
		A5B641D21E5C950400A747BA /* Measurement+CoreDataProperties.swift in Sources */ = {isa = PBXBuildFile; fileRef = A5B641C01E5C950400A747BA /* Measurement+CoreDataProperties.swift */; };
		A5B641D31E5C950400A747BA /* Routine+CoreDataClass.swift in Sources */ = {isa = PBXBuildFile; fileRef = A5B641C11E5C950400A747BA /* Routine+CoreDataClass.swift */; };
		A5B641D41E5C950400A747BA /* Routine+CoreDataProperties.swift in Sources */ = {isa = PBXBuildFile; fileRef = A5B641C21E5C950400A747BA /* Routine+CoreDataProperties.swift */; };
		A5B641D51E5C950400A747BA /* Bands+CoreDataClass.swift in Sources */ = {isa = PBXBuildFile; fileRef = A5B641C31E5C950400A747BA /* Bands+CoreDataClass.swift */; };
		A5B641D61E5C950400A747BA /* Bands+CoreDataProperties.swift in Sources */ = {isa = PBXBuildFile; fileRef = A5B641C41E5C950400A747BA /* Bands+CoreDataProperties.swift */; };
		A5B641D71E5C950400A747BA /* Photo+CoreDataClass.swift in Sources */ = {isa = PBXBuildFile; fileRef = A5B641C51E5C950400A747BA /* Photo+CoreDataClass.swift */; };
		A5B641D81E5C950400A747BA /* Photo+CoreDataProperties.swift in Sources */ = {isa = PBXBuildFile; fileRef = A5B641C61E5C950400A747BA /* Photo+CoreDataProperties.swift */; };
		A5B644C21E5C964700A747BA /* ExerciseChartViewController.swift in Sources */ = {isa = PBXBuildFile; fileRef = A5B644C11E5C964700A747BA /* ExerciseChartViewController.swift */; };
		A5B644CC1E5C969300A747BA /* CoreDataHelper.m in Sources */ = {isa = PBXBuildFile; fileRef = A5B644C71E5C969300A747BA /* CoreDataHelper.m */; };
		A5B644CD1E5C969300A747BA /* CoreDataImporter.m in Sources */ = {isa = PBXBuildFile; fileRef = A5B644C91E5C969300A747BA /* CoreDataImporter.m */; };
		A5B644CE1E5C969300A747BA /* Faulter.m in Sources */ = {isa = PBXBuildFile; fileRef = A5B644CB1E5C969300A747BA /* Faulter.m */; };
		A5B644DA1E5C969E00A747BA /* CDCloudSync.swift in Sources */ = {isa = PBXBuildFile; fileRef = A5B644CF1E5C969E00A747BA /* CDCloudSync.swift */; };
		A5B644DB1E5C969E00A747BA /* CDDeduplicator.swift in Sources */ = {isa = PBXBuildFile; fileRef = A5B644D01E5C969E00A747BA /* CDDeduplicator.swift */; };
		A5B644DC1E5C969E00A747BA /* CDFaulter.swift in Sources */ = {isa = PBXBuildFile; fileRef = A5B644D11E5C969E00A747BA /* CDFaulter.swift */; };
		A5B644DD1E5C969E00A747BA /* CDHelper.swift in Sources */ = {isa = PBXBuildFile; fileRef = A5B644D21E5C969E00A747BA /* CDHelper.swift */; };
		A5B644DE1E5C969E00A747BA /* CDImporter.swift in Sources */ = {isa = PBXBuildFile; fileRef = A5B644D31E5C969E00A747BA /* CDImporter.swift */; };
		A5B644DF1E5C969E00A747BA /* CDMigration.swift in Sources */ = {isa = PBXBuildFile; fileRef = A5B644D41E5C969E00A747BA /* CDMigration.swift */; };
		A5B644E01E5C969E00A747BA /* CDOperation.swift in Sources */ = {isa = PBXBuildFile; fileRef = A5B644D51E5C969E00A747BA /* CDOperation.swift */; };
		A5B644E11E5C969E00A747BA /* CDPickerTextField.swift in Sources */ = {isa = PBXBuildFile; fileRef = A5B644D61E5C969E00A747BA /* CDPickerTextField.swift */; };
		A5B644E21E5C969E00A747BA /* CDTableViewController.swift in Sources */ = {isa = PBXBuildFile; fileRef = A5B644D71E5C969E00A747BA /* CDTableViewController.swift */; };
		A5B644E31E5C969E00A747BA /* CDThumbnailer.swift in Sources */ = {isa = PBXBuildFile; fileRef = A5B644D81E5C969E00A747BA /* CDThumbnailer.swift */; };
		A5B644E41E5C969E00A747BA /* MigrationVC.swift in Sources */ = {isa = PBXBuildFile; fileRef = A5B644D91E5C969E00A747BA /* MigrationVC.swift */; };
		A5B644E91E5C970100A747BA /* IAPHelper.swift in Sources */ = {isa = PBXBuildFile; fileRef = A5B644E61E5C970100A747BA /* IAPHelper.swift */; };
		A5B644EA1E5C970100A747BA /* Products.swift in Sources */ = {isa = PBXBuildFile; fileRef = A5B644E71E5C970100A747BA /* Products.swift */; };
		A5B644EB1E5C970100A747BA /* ProductCell.swift in Sources */ = {isa = PBXBuildFile; fileRef = A5B644E81E5C970100A747BA /* ProductCell.swift */; };
		A5B644F61E5C97E000A747BA /* MonthTVC_TableViewCell.swift in Sources */ = {isa = PBXBuildFile; fileRef = A5B644EE1E5C97E000A747BA /* MonthTVC_TableViewCell.swift */; };
		A5B644F71E5C97E000A747BA /* WeekTVC_TableViewCell.swift in Sources */ = {isa = PBXBuildFile; fileRef = A5B644EF1E5C97E000A747BA /* WeekTVC_TableViewCell.swift */; };
		A5B644F81E5C97E000A747BA /* WorkoutTVC_WorkoutTableViewCell.swift in Sources */ = {isa = PBXBuildFile; fileRef = A5B644F01E5C97E000A747BA /* WorkoutTVC_WorkoutTableViewCell.swift */; };
		A5B644F91E5C97E000A747BA /* WorkoutTVC_CompletionTableViewCell.swift in Sources */ = {isa = PBXBuildFile; fileRef = A5B644F11E5C97E000A747BA /* WorkoutTVC_CompletionTableViewCell.swift */; };
		A5B644FB1E5C97E000A747BA /* PhotoCollectionViewCell.swift in Sources */ = {isa = PBXBuildFile; fileRef = A5B644F31E5C97E000A747BA /* PhotoCollectionViewCell.swift */; };
		A5B644FC1E5C97E000A747BA /* PhotoCollectionHeaderView.swift in Sources */ = {isa = PBXBuildFile; fileRef = A5B644F41E5C97E000A747BA /* PhotoCollectionHeaderView.swift */; };
		A5B644FD1E5C97E000A747BA /* StoreRewardVideoTableViewCell.swift in Sources */ = {isa = PBXBuildFile; fileRef = A5B644F51E5C97E000A747BA /* StoreRewardVideoTableViewCell.swift */; };
		A5B645051E5C97EE00A747BA /* StoreTVC.swift in Sources */ = {isa = PBXBuildFile; fileRef = A5B644FE1E5C97EE00A747BA /* StoreTVC.swift */; };
		A5B645061E5C97EE00A747BA /* MonthTVC.swift in Sources */ = {isa = PBXBuildFile; fileRef = A5B644FF1E5C97EE00A747BA /* MonthTVC.swift */; };
		A5B645071E5C97EE00A747BA /* WeekTVC.swift in Sources */ = {isa = PBXBuildFile; fileRef = A5B645001E5C97EE00A747BA /* WeekTVC.swift */; };
		A5B645081E5C97EE00A747BA /* WorkoutTVC.swift in Sources */ = {isa = PBXBuildFile; fileRef = A5B645011E5C97EE00A747BA /* WorkoutTVC.swift */; };
		A5B645091E5C97EE00A747BA /* MeasurementsTVC.swift in Sources */ = {isa = PBXBuildFile; fileRef = A5B645021E5C97EE00A747BA /* MeasurementsTVC.swift */; };
		A5B6450A1E5C97EE00A747BA /* PhotoTVC.swift in Sources */ = {isa = PBXBuildFile; fileRef = A5B645031E5C97EE00A747BA /* PhotoTVC.swift */; };
		A5B6450B1E5C97EE00A747BA /* SettingsTVC.swift in Sources */ = {isa = PBXBuildFile; fileRef = A5B645041E5C97EE00A747BA /* SettingsTVC.swift */; };
		A5B645121E5C983F00A747BA /* MeasurementsRecordViewController.swift in Sources */ = {isa = PBXBuildFile; fileRef = A5B645101E5C983F00A747BA /* MeasurementsRecordViewController.swift */; };
		A5B645131E5C983F00A747BA /* MeasurementsReportViewController.swift in Sources */ = {isa = PBXBuildFile; fileRef = A5B645111E5C983F00A747BA /* MeasurementsReportViewController.swift */; };
		A5B645161E5C984800A747BA /* TakePhotosViewController.swift in Sources */ = {isa = PBXBuildFile; fileRef = A5B645141E5C984800A747BA /* TakePhotosViewController.swift */; };
		A5B645171E5C984800A747BA /* ViewPhotosViewController.swift in Sources */ = {isa = PBXBuildFile; fileRef = A5B645151E5C984800A747BA /* ViewPhotosViewController.swift */; };
		A5B6451B1E5C985000A747BA /* EmailViewController.swift in Sources */ = {isa = PBXBuildFile; fileRef = A5B645181E5C985000A747BA /* EmailViewController.swift */; };
		A5B6451C1E5C985000A747BA /* WebsiteViewController.swift in Sources */ = {isa = PBXBuildFile; fileRef = A5B645191E5C985000A747BA /* WebsiteViewController.swift */; };
		A5B6451D1E5C985000A747BA /* TutorialViewController.swift in Sources */ = {isa = PBXBuildFile; fileRef = A5B6451A1E5C985000A747BA /* TutorialViewController.swift */; };
		A5B645201E5C985900A747BA /* NotesViewController.swift in Sources */ = {isa = PBXBuildFile; fileRef = A5B6451E1E5C985900A747BA /* NotesViewController.swift */; };
		A5B645211E5C985900A747BA /* RewardVideoViewController.swift in Sources */ = {isa = PBXBuildFile; fileRef = A5B6451F1E5C985900A747BA /* RewardVideoViewController.swift */; };
		A5B645261E5C988300A747BA /* WorkoutNavigationController.swift in Sources */ = {isa = PBXBuildFile; fileRef = A5B645231E5C988300A747BA /* WorkoutNavigationController.swift */; };
		A5B645271E5C988300A747BA /* PhotoNavigationController.swift in Sources */ = {isa = PBXBuildFile; fileRef = A5B645241E5C988300A747BA /* PhotoNavigationController.swift */; };
		A5B645281E5C988300A747BA /* MeasurementNavigationController.swift in Sources */ = {isa = PBXBuildFile; fileRef = A5B645251E5C988300A747BA /* MeasurementNavigationController.swift */; };
		A5B6452E1E5C989800A747BA /* AppDelegate.swift in Sources */ = {isa = PBXBuildFile; fileRef = A5B645291E5C989800A747BA /* AppDelegate.swift */; };
		A5B6452F1E5C989800A747BA /* MainTBC.swift in Sources */ = {isa = PBXBuildFile; fileRef = A5B6452A1E5C989800A747BA /* MainTBC.swift */; };
		A5B645301E5C989800A747BA /* Main.storyboard in Resources */ = {isa = PBXBuildFile; fileRef = A5B6452B1E5C989800A747BA /* Main.storyboard */; };
		A5B645311E5C989800A747BA /* LaunchScreen.storyboard in Resources */ = {isa = PBXBuildFile; fileRef = A5B6452C1E5C989800A747BA /* LaunchScreen.storyboard */; };
		A5B645321E5C989800A747BA /* DatePickerViewController.swift in Sources */ = {isa = PBXBuildFile; fileRef = A5B6452D1E5C989800A747BA /* DatePickerViewController.swift */; };
		A5B645341E5CA09700A747BA /* WebKit.framework in Frameworks */ = {isa = PBXBuildFile; fileRef = A5B645331E5CA09700A747BA /* WebKit.framework */; };
		A5B645361E5CA0A600A747BA /* libc++.tbd in Frameworks */ = {isa = PBXBuildFile; fileRef = A5B645351E5CA0A600A747BA /* libc++.tbd */; };
		A5B645421E5CA25C00A747BA /* CoreText.framework in Frameworks */ = {isa = PBXBuildFile; fileRef = A5B645411E5CA25C00A747BA /* CoreText.framework */; };
		A5B645441E5CA26A00A747BA /* OpenGLES.framework in Frameworks */ = {isa = PBXBuildFile; fileRef = A5B645431E5CA26A00A747BA /* OpenGLES.framework */; };
		A5BC879A1E72116A00213A80 /* ShinobiCharts.framework in Frameworks */ = {isa = PBXBuildFile; fileRef = A5BC87991E72116A00213A80 /* ShinobiCharts.framework */; };
/* End PBXBuildFile section */

/* Begin PBXContainerItemProxy section */
		A57206E0185F631B00638698 /* PBXContainerItemProxy */ = {
			isa = PBXContainerItemProxy;
			containerPortal = A57206B2185F631B00638698 /* Project object */;
			proxyType = 1;
			remoteGlobalIDString = A57206B9185F631B00638698;
			remoteInfo = "90 DWT 3";
		};
/* End PBXContainerItemProxy section */

/* Begin PBXFileReference section */
		58109DE81BE1884500C66B72 /* AdSupport.framework */ = {isa = PBXFileReference; lastKnownFileType = wrapper.framework; name = AdSupport.framework; path = System/Library/Frameworks/AdSupport.framework; sourceTree = SDKROOT; };
		58109DEA1BE1885800C66B72 /* AVFoundation.framework */ = {isa = PBXFileReference; lastKnownFileType = wrapper.framework; name = AVFoundation.framework; path = System/Library/Frameworks/AVFoundation.framework; sourceTree = SDKROOT; };
		58109DEC1BE1886900C66B72 /* CoreLocation.framework */ = {isa = PBXFileReference; lastKnownFileType = wrapper.framework; name = CoreLocation.framework; path = System/Library/Frameworks/CoreLocation.framework; sourceTree = SDKROOT; };
		58109DEE1BE1887300C66B72 /* CoreTelephony.framework */ = {isa = PBXFileReference; lastKnownFileType = wrapper.framework; name = CoreTelephony.framework; path = System/Library/Frameworks/CoreTelephony.framework; sourceTree = SDKROOT; };
		58109DF01BE1889600C66B72 /* MobileCoreServices.framework */ = {isa = PBXFileReference; lastKnownFileType = wrapper.framework; name = MobileCoreServices.framework; path = System/Library/Frameworks/MobileCoreServices.framework; sourceTree = SDKROOT; };
		58109DF21BE1889F00C66B72 /* PassKit.framework */ = {isa = PBXFileReference; lastKnownFileType = wrapper.framework; name = PassKit.framework; path = System/Library/Frameworks/PassKit.framework; sourceTree = SDKROOT; };
		58109DF41BE188FC00C66B72 /* CoreMedia.framework */ = {isa = PBXFileReference; lastKnownFileType = wrapper.framework; name = CoreMedia.framework; path = System/Library/Frameworks/CoreMedia.framework; sourceTree = SDKROOT; };
		58109DF61BE1890C00C66B72 /* EventKit.framework */ = {isa = PBXFileReference; lastKnownFileType = wrapper.framework; name = EventKit.framework; path = System/Library/Frameworks/EventKit.framework; sourceTree = SDKROOT; };
		58109DF71BE1890C00C66B72 /* EventKitUI.framework */ = {isa = PBXFileReference; lastKnownFileType = wrapper.framework; name = EventKitUI.framework; path = System/Library/Frameworks/EventKitUI.framework; sourceTree = SDKROOT; };
		58109DFA1BE1894300C66B72 /* libxml2.tbd */ = {isa = PBXFileReference; lastKnownFileType = "sourcecode.text-based-dylib-definition"; name = libxml2.tbd; path = usr/lib/libxml2.tbd; sourceTree = SDKROOT; };
		58109DFC1BE1894C00C66B72 /* CoreBluetooth.framework */ = {isa = PBXFileReference; lastKnownFileType = wrapper.framework; name = CoreBluetooth.framework; path = System/Library/Frameworks/CoreBluetooth.framework; sourceTree = SDKROOT; };
		5889CAE81C25F0BB006D1756 /* Settings.bundle */ = {isa = PBXFileReference; lastKnownFileType = "wrapper.plug-in"; path = Settings.bundle; sourceTree = "<group>"; };
		58F0792A188C579800638658 /* StoreKit.framework */ = {isa = PBXFileReference; lastKnownFileType = wrapper.framework; name = StoreKit.framework; path = System/Library/Frameworks/StoreKit.framework; sourceTree = SDKROOT; };
		58F73FFC188C4339001CCE57 /* 90 DWT 3.entitlements */ = {isa = PBXFileReference; lastKnownFileType = text.xml; path = "90 DWT 3.entitlements"; sourceTree = "<group>"; };
		A522F1951E674C4D00C92A57 /* WorkoutTVC_Workout5Round__Rep_TableViewCell.swift */ = {isa = PBXFileReference; fileEncoding = 4; lastKnownFileType = sourcecode.swift; path = WorkoutTVC_Workout5Round__Rep_TableViewCell.swift; sourceTree = "<group>"; };
		A562256D1C286C850026B141 /* _0_DWT_ 3_v2.xcdatamodel */ = {isa = PBXFileReference; lastKnownFileType = wrapper.xcdatamodel; path = "_0_DWT_ 3_v2.xcdatamodel"; sourceTree = "<group>"; };
		A57206BA185F631B00638698 /* 90 DWT 3.app */ = {isa = PBXFileReference; explicitFileType = wrapper.application; includeInIndex = 0; path = "90 DWT 3.app"; sourceTree = BUILT_PRODUCTS_DIR; };
		A57206BD185F631B00638698 /* Foundation.framework */ = {isa = PBXFileReference; lastKnownFileType = wrapper.framework; name = Foundation.framework; path = System/Library/Frameworks/Foundation.framework; sourceTree = SDKROOT; };
		A57206BF185F631B00638698 /* CoreGraphics.framework */ = {isa = PBXFileReference; lastKnownFileType = wrapper.framework; name = CoreGraphics.framework; path = System/Library/Frameworks/CoreGraphics.framework; sourceTree = SDKROOT; };
		A57206C1185F631B00638698 /* UIKit.framework */ = {isa = PBXFileReference; lastKnownFileType = wrapper.framework; name = UIKit.framework; path = System/Library/Frameworks/UIKit.framework; sourceTree = SDKROOT; };
		A57206C3185F631B00638698 /* CoreData.framework */ = {isa = PBXFileReference; lastKnownFileType = wrapper.framework; name = CoreData.framework; path = System/Library/Frameworks/CoreData.framework; sourceTree = SDKROOT; };
		A57206C7185F631B00638698 /* 90 DWT 3-Info.plist */ = {isa = PBXFileReference; lastKnownFileType = text.plist.xml; path = "90 DWT 3-Info.plist"; sourceTree = "<group>"; };
		A57206C9185F631B00638698 /* en */ = {isa = PBXFileReference; lastKnownFileType = text.plist.strings; name = en; path = en.lproj/InfoPlist.strings; sourceTree = "<group>"; };
		A57206CD185F631B00638698 /* 90 DWT 3-Prefix.pch */ = {isa = PBXFileReference; lastKnownFileType = sourcecode.c.h; path = "90 DWT 3-Prefix.pch"; sourceTree = "<group>"; };
		A57206D2185F631B00638698 /* _0_DWT_3.xcdatamodel */ = {isa = PBXFileReference; lastKnownFileType = wrapper.xcdatamodel; path = _0_DWT_3.xcdatamodel; sourceTree = "<group>"; };
		A57206D4185F631B00638698 /* Images.xcassets */ = {isa = PBXFileReference; lastKnownFileType = folder.assetcatalog; path = Images.xcassets; sourceTree = "<group>"; };
		A57206DA185F631B00638698 /* 90 DWT 3Tests.xctest */ = {isa = PBXFileReference; explicitFileType = wrapper.cfbundle; includeInIndex = 0; path = "90 DWT 3Tests.xctest"; sourceTree = BUILT_PRODUCTS_DIR; };
		A57206DB185F631B00638698 /* XCTest.framework */ = {isa = PBXFileReference; lastKnownFileType = wrapper.framework; name = XCTest.framework; path = Library/Frameworks/XCTest.framework; sourceTree = DEVELOPER_DIR; };
		A57206E4185F631B00638698 /* 90 DWT 3Tests-Info.plist */ = {isa = PBXFileReference; lastKnownFileType = text.plist.xml; path = "90 DWT 3Tests-Info.plist"; sourceTree = "<group>"; };
		A57206E6185F631B00638698 /* en */ = {isa = PBXFileReference; lastKnownFileType = text.plist.strings; name = en; path = en.lproj/InfoPlist.strings; sourceTree = "<group>"; };
		A57206E8185F631B00638698 /* _0_DWT_3Tests.m */ = {isa = PBXFileReference; lastKnownFileType = sourcecode.c.objc; path = _0_DWT_3Tests.m; sourceTree = "<group>"; };
		A572076F185F82C300638698 /* Security.framework */ = {isa = PBXFileReference; lastKnownFileType = wrapper.framework; name = Security.framework; path = System/Library/Frameworks/Security.framework; sourceTree = SDKROOT; };
		A5720771185F82D600638698 /* QuartzCore.framework */ = {isa = PBXFileReference; lastKnownFileType = wrapper.framework; name = QuartzCore.framework; path = System/Library/Frameworks/QuartzCore.framework; sourceTree = SDKROOT; };
		A5720773185F82E500638698 /* Social.framework */ = {isa = PBXFileReference; lastKnownFileType = wrapper.framework; name = Social.framework; path = System/Library/Frameworks/Social.framework; sourceTree = SDKROOT; };
		A5720775185F82F500638698 /* AudioToolbox.framework */ = {isa = PBXFileReference; lastKnownFileType = wrapper.framework; name = AudioToolbox.framework; path = System/Library/Frameworks/AudioToolbox.framework; sourceTree = SDKROOT; };
		A5720777185F830100638698 /* CoreImage.framework */ = {isa = PBXFileReference; lastKnownFileType = wrapper.framework; name = CoreImage.framework; path = System/Library/Frameworks/CoreImage.framework; sourceTree = SDKROOT; };
		A572077B185F833500638698 /* MessageUI.framework */ = {isa = PBXFileReference; lastKnownFileType = wrapper.framework; name = MessageUI.framework; path = System/Library/Frameworks/MessageUI.framework; sourceTree = SDKROOT; };
		A572077D185F834D00638698 /* SystemConfiguration.framework */ = {isa = PBXFileReference; lastKnownFileType = wrapper.framework; name = SystemConfiguration.framework; path = System/Library/Frameworks/SystemConfiguration.framework; sourceTree = SDKROOT; };
		A572077F185F835D00638698 /* Twitter.framework */ = {isa = PBXFileReference; lastKnownFileType = wrapper.framework; name = Twitter.framework; path = System/Library/Frameworks/Twitter.framework; sourceTree = SDKROOT; };
		A5720781185F836A00638698 /* MediaPlayer.framework */ = {isa = PBXFileReference; lastKnownFileType = wrapper.framework; name = MediaPlayer.framework; path = System/Library/Frameworks/MediaPlayer.framework; sourceTree = SDKROOT; };
		A5853A2A1E6E0C65007E1E7E /* WorkoutTVC_Workout5Round_Weight_TableViewCell.swift */ = {isa = PBXFileReference; fileEncoding = 4; lastKnownFileType = sourcecode.swift; path = WorkoutTVC_Workout5Round_Weight_TableViewCell.swift; sourceTree = "<group>"; };
		A5A5F6E01E8EB1A600A4FB79 /* _0_DWT_ 3_v4.xcdatamodel */ = {isa = PBXFileReference; lastKnownFileType = wrapper.xcdatamodel; path = "_0_DWT_ 3_v4.xcdatamodel"; sourceTree = "<group>"; };
		A5A5F6E11E8EB26900A4FB79 /* Session+CoreDataClass.swift */ = {isa = PBXFileReference; fileEncoding = 4; lastKnownFileType = sourcecode.swift; path = "Session+CoreDataClass.swift"; sourceTree = "<group>"; };
		A5A5F6E21E8EB26900A4FB79 /* Session+CoreDataProperties.swift */ = {isa = PBXFileReference; fileEncoding = 4; lastKnownFileType = sourcecode.swift; path = "Session+CoreDataProperties.swift"; sourceTree = "<group>"; };
		A5B641B51E5C93C500A747BA /* _0_DWT_ 3_v3.xcdatamodel */ = {isa = PBXFileReference; lastKnownFileType = wrapper.xcdatamodel; path = "_0_DWT_ 3_v3.xcdatamodel"; sourceTree = "<group>"; };
		A5B641B61E5C950300A747BA /* 90 DWT 3-Bridging-Header.h */ = {isa = PBXFileReference; lastKnownFileType = sourcecode.c.h; path = "90 DWT 3-Bridging-Header.h"; sourceTree = SOURCE_ROOT; };
		A5B641B71E5C950400A747BA /* AutoLock+CoreDataClass.swift */ = {isa = PBXFileReference; fileEncoding = 4; lastKnownFileType = sourcecode.swift; path = "AutoLock+CoreDataClass.swift"; sourceTree = "<group>"; };
		A5B641B81E5C950400A747BA /* AutoLock+CoreDataProperties.swift */ = {isa = PBXFileReference; fileEncoding = 4; lastKnownFileType = sourcecode.swift; path = "AutoLock+CoreDataProperties.swift"; sourceTree = "<group>"; };
		A5B641B91E5C950400A747BA /* Workout+CoreDataClass.swift */ = {isa = PBXFileReference; fileEncoding = 4; lastKnownFileType = sourcecode.swift; path = "Workout+CoreDataClass.swift"; sourceTree = "<group>"; };
		A5B641BA1E5C950400A747BA /* Workout+CoreDataProperties.swift */ = {isa = PBXFileReference; fileEncoding = 4; lastKnownFileType = sourcecode.swift; path = "Workout+CoreDataProperties.swift"; sourceTree = "<group>"; };
		A5B641BB1E5C950400A747BA /* WorkoutCompleteDate+CoreDataClass.swift */ = {isa = PBXFileReference; fileEncoding = 4; lastKnownFileType = sourcecode.swift; path = "WorkoutCompleteDate+CoreDataClass.swift"; sourceTree = "<group>"; };
		A5B641BC1E5C950400A747BA /* WorkoutCompleteDate+CoreDataProperties.swift */ = {isa = PBXFileReference; fileEncoding = 4; lastKnownFileType = sourcecode.swift; path = "WorkoutCompleteDate+CoreDataProperties.swift"; sourceTree = "<group>"; };
		A5B641BD1E5C950400A747BA /* Email+CoreDataClass.swift */ = {isa = PBXFileReference; fileEncoding = 4; lastKnownFileType = sourcecode.swift; path = "Email+CoreDataClass.swift"; sourceTree = "<group>"; };
		A5B641BE1E5C950400A747BA /* Email+CoreDataProperties.swift */ = {isa = PBXFileReference; fileEncoding = 4; lastKnownFileType = sourcecode.swift; path = "Email+CoreDataProperties.swift"; sourceTree = "<group>"; };
		A5B641BF1E5C950400A747BA /* Measurement+CoreDataClass.swift */ = {isa = PBXFileReference; fileEncoding = 4; lastKnownFileType = sourcecode.swift; path = "Measurement+CoreDataClass.swift"; sourceTree = "<group>"; };
		A5B641C01E5C950400A747BA /* Measurement+CoreDataProperties.swift */ = {isa = PBXFileReference; fileEncoding = 4; lastKnownFileType = sourcecode.swift; path = "Measurement+CoreDataProperties.swift"; sourceTree = "<group>"; };
		A5B641C11E5C950400A747BA /* Routine+CoreDataClass.swift */ = {isa = PBXFileReference; fileEncoding = 4; lastKnownFileType = sourcecode.swift; path = "Routine+CoreDataClass.swift"; sourceTree = "<group>"; };
		A5B641C21E5C950400A747BA /* Routine+CoreDataProperties.swift */ = {isa = PBXFileReference; fileEncoding = 4; lastKnownFileType = sourcecode.swift; path = "Routine+CoreDataProperties.swift"; sourceTree = "<group>"; };
		A5B641C31E5C950400A747BA /* Bands+CoreDataClass.swift */ = {isa = PBXFileReference; fileEncoding = 4; lastKnownFileType = sourcecode.swift; path = "Bands+CoreDataClass.swift"; sourceTree = "<group>"; };
		A5B641C41E5C950400A747BA /* Bands+CoreDataProperties.swift */ = {isa = PBXFileReference; fileEncoding = 4; lastKnownFileType = sourcecode.swift; path = "Bands+CoreDataProperties.swift"; sourceTree = "<group>"; };
		A5B641C51E5C950400A747BA /* Photo+CoreDataClass.swift */ = {isa = PBXFileReference; fileEncoding = 4; lastKnownFileType = sourcecode.swift; path = "Photo+CoreDataClass.swift"; sourceTree = "<group>"; };
		A5B641C61E5C950400A747BA /* Photo+CoreDataProperties.swift */ = {isa = PBXFileReference; fileEncoding = 4; lastKnownFileType = sourcecode.swift; path = "Photo+CoreDataProperties.swift"; sourceTree = "<group>"; };
		A5B644C11E5C964700A747BA /* ExerciseChartViewController.swift */ = {isa = PBXFileReference; fileEncoding = 4; lastKnownFileType = sourcecode.swift; path = ExerciseChartViewController.swift; sourceTree = "<group>"; };
		A5B644C61E5C969300A747BA /* CoreDataHelper.h */ = {isa = PBXFileReference; fileEncoding = 4; lastKnownFileType = sourcecode.c.h; path = CoreDataHelper.h; sourceTree = "<group>"; };
		A5B644C71E5C969300A747BA /* CoreDataHelper.m */ = {isa = PBXFileReference; fileEncoding = 4; lastKnownFileType = sourcecode.c.objc; path = CoreDataHelper.m; sourceTree = "<group>"; };
		A5B644C81E5C969300A747BA /* CoreDataImporter.h */ = {isa = PBXFileReference; fileEncoding = 4; lastKnownFileType = sourcecode.c.h; path = CoreDataImporter.h; sourceTree = "<group>"; };
		A5B644C91E5C969300A747BA /* CoreDataImporter.m */ = {isa = PBXFileReference; fileEncoding = 4; lastKnownFileType = sourcecode.c.objc; path = CoreDataImporter.m; sourceTree = "<group>"; };
		A5B644CA1E5C969300A747BA /* Faulter.h */ = {isa = PBXFileReference; fileEncoding = 4; lastKnownFileType = sourcecode.c.h; path = Faulter.h; sourceTree = "<group>"; };
		A5B644CB1E5C969300A747BA /* Faulter.m */ = {isa = PBXFileReference; fileEncoding = 4; lastKnownFileType = sourcecode.c.objc; path = Faulter.m; sourceTree = "<group>"; };
		A5B644CF1E5C969E00A747BA /* CDCloudSync.swift */ = {isa = PBXFileReference; fileEncoding = 4; lastKnownFileType = sourcecode.swift; path = CDCloudSync.swift; sourceTree = "<group>"; };
		A5B644D01E5C969E00A747BA /* CDDeduplicator.swift */ = {isa = PBXFileReference; fileEncoding = 4; lastKnownFileType = sourcecode.swift; path = CDDeduplicator.swift; sourceTree = "<group>"; };
		A5B644D11E5C969E00A747BA /* CDFaulter.swift */ = {isa = PBXFileReference; fileEncoding = 4; lastKnownFileType = sourcecode.swift; path = CDFaulter.swift; sourceTree = "<group>"; };
		A5B644D21E5C969E00A747BA /* CDHelper.swift */ = {isa = PBXFileReference; fileEncoding = 4; lastKnownFileType = sourcecode.swift; path = CDHelper.swift; sourceTree = "<group>"; };
		A5B644D31E5C969E00A747BA /* CDImporter.swift */ = {isa = PBXFileReference; fileEncoding = 4; lastKnownFileType = sourcecode.swift; path = CDImporter.swift; sourceTree = "<group>"; };
		A5B644D41E5C969E00A747BA /* CDMigration.swift */ = {isa = PBXFileReference; fileEncoding = 4; lastKnownFileType = sourcecode.swift; path = CDMigration.swift; sourceTree = "<group>"; };
		A5B644D51E5C969E00A747BA /* CDOperation.swift */ = {isa = PBXFileReference; fileEncoding = 4; lastKnownFileType = sourcecode.swift; path = CDOperation.swift; sourceTree = "<group>"; };
		A5B644D61E5C969E00A747BA /* CDPickerTextField.swift */ = {isa = PBXFileReference; fileEncoding = 4; lastKnownFileType = sourcecode.swift; path = CDPickerTextField.swift; sourceTree = "<group>"; };
		A5B644D71E5C969E00A747BA /* CDTableViewController.swift */ = {isa = PBXFileReference; fileEncoding = 4; lastKnownFileType = sourcecode.swift; path = CDTableViewController.swift; sourceTree = "<group>"; };
		A5B644D81E5C969E00A747BA /* CDThumbnailer.swift */ = {isa = PBXFileReference; fileEncoding = 4; lastKnownFileType = sourcecode.swift; path = CDThumbnailer.swift; sourceTree = "<group>"; };
		A5B644D91E5C969E00A747BA /* MigrationVC.swift */ = {isa = PBXFileReference; fileEncoding = 4; lastKnownFileType = sourcecode.swift; path = MigrationVC.swift; sourceTree = "<group>"; };
		A5B644E61E5C970100A747BA /* IAPHelper.swift */ = {isa = PBXFileReference; fileEncoding = 4; lastKnownFileType = sourcecode.swift; path = IAPHelper.swift; sourceTree = "<group>"; };
		A5B644E71E5C970100A747BA /* Products.swift */ = {isa = PBXFileReference; fileEncoding = 4; lastKnownFileType = sourcecode.swift; path = Products.swift; sourceTree = "<group>"; };
		A5B644E81E5C970100A747BA /* ProductCell.swift */ = {isa = PBXFileReference; fileEncoding = 4; lastKnownFileType = sourcecode.swift; path = ProductCell.swift; sourceTree = "<group>"; };
		A5B644EE1E5C97E000A747BA /* MonthTVC_TableViewCell.swift */ = {isa = PBXFileReference; fileEncoding = 4; lastKnownFileType = sourcecode.swift; path = MonthTVC_TableViewCell.swift; sourceTree = "<group>"; };
		A5B644EF1E5C97E000A747BA /* WeekTVC_TableViewCell.swift */ = {isa = PBXFileReference; fileEncoding = 4; lastKnownFileType = sourcecode.swift; path = WeekTVC_TableViewCell.swift; sourceTree = "<group>"; };
		A5B644F01E5C97E000A747BA /* WorkoutTVC_WorkoutTableViewCell.swift */ = {isa = PBXFileReference; fileEncoding = 4; lastKnownFileType = sourcecode.swift; path = WorkoutTVC_WorkoutTableViewCell.swift; sourceTree = "<group>"; };
		A5B644F11E5C97E000A747BA /* WorkoutTVC_CompletionTableViewCell.swift */ = {isa = PBXFileReference; fileEncoding = 4; lastKnownFileType = sourcecode.swift; path = WorkoutTVC_CompletionTableViewCell.swift; sourceTree = "<group>"; };
		A5B644F31E5C97E000A747BA /* PhotoCollectionViewCell.swift */ = {isa = PBXFileReference; fileEncoding = 4; lastKnownFileType = sourcecode.swift; path = PhotoCollectionViewCell.swift; sourceTree = "<group>"; };
		A5B644F41E5C97E000A747BA /* PhotoCollectionHeaderView.swift */ = {isa = PBXFileReference; fileEncoding = 4; lastKnownFileType = sourcecode.swift; path = PhotoCollectionHeaderView.swift; sourceTree = "<group>"; };
		A5B644F51E5C97E000A747BA /* StoreRewardVideoTableViewCell.swift */ = {isa = PBXFileReference; fileEncoding = 4; lastKnownFileType = sourcecode.swift; path = StoreRewardVideoTableViewCell.swift; sourceTree = "<group>"; };
		A5B644FE1E5C97EE00A747BA /* StoreTVC.swift */ = {isa = PBXFileReference; fileEncoding = 4; lastKnownFileType = sourcecode.swift; path = StoreTVC.swift; sourceTree = "<group>"; };
		A5B644FF1E5C97EE00A747BA /* MonthTVC.swift */ = {isa = PBXFileReference; fileEncoding = 4; lastKnownFileType = sourcecode.swift; path = MonthTVC.swift; sourceTree = "<group>"; };
		A5B645001E5C97EE00A747BA /* WeekTVC.swift */ = {isa = PBXFileReference; fileEncoding = 4; lastKnownFileType = sourcecode.swift; path = WeekTVC.swift; sourceTree = "<group>"; };
		A5B645011E5C97EE00A747BA /* WorkoutTVC.swift */ = {isa = PBXFileReference; fileEncoding = 4; lastKnownFileType = sourcecode.swift; path = WorkoutTVC.swift; sourceTree = "<group>"; };
		A5B645021E5C97EE00A747BA /* MeasurementsTVC.swift */ = {isa = PBXFileReference; fileEncoding = 4; lastKnownFileType = sourcecode.swift; path = MeasurementsTVC.swift; sourceTree = "<group>"; };
		A5B645031E5C97EE00A747BA /* PhotoTVC.swift */ = {isa = PBXFileReference; fileEncoding = 4; lastKnownFileType = sourcecode.swift; path = PhotoTVC.swift; sourceTree = "<group>"; };
		A5B645041E5C97EE00A747BA /* SettingsTVC.swift */ = {isa = PBXFileReference; fileEncoding = 4; lastKnownFileType = sourcecode.swift; path = SettingsTVC.swift; sourceTree = "<group>"; };
		A5B645101E5C983F00A747BA /* MeasurementsRecordViewController.swift */ = {isa = PBXFileReference; fileEncoding = 4; lastKnownFileType = sourcecode.swift; path = MeasurementsRecordViewController.swift; sourceTree = "<group>"; };
		A5B645111E5C983F00A747BA /* MeasurementsReportViewController.swift */ = {isa = PBXFileReference; fileEncoding = 4; lastKnownFileType = sourcecode.swift; path = MeasurementsReportViewController.swift; sourceTree = "<group>"; };
		A5B645141E5C984800A747BA /* TakePhotosViewController.swift */ = {isa = PBXFileReference; fileEncoding = 4; lastKnownFileType = sourcecode.swift; path = TakePhotosViewController.swift; sourceTree = "<group>"; };
		A5B645151E5C984800A747BA /* ViewPhotosViewController.swift */ = {isa = PBXFileReference; fileEncoding = 4; lastKnownFileType = sourcecode.swift; path = ViewPhotosViewController.swift; sourceTree = "<group>"; };
		A5B645181E5C985000A747BA /* EmailViewController.swift */ = {isa = PBXFileReference; fileEncoding = 4; lastKnownFileType = sourcecode.swift; path = EmailViewController.swift; sourceTree = "<group>"; };
		A5B645191E5C985000A747BA /* WebsiteViewController.swift */ = {isa = PBXFileReference; fileEncoding = 4; lastKnownFileType = sourcecode.swift; path = WebsiteViewController.swift; sourceTree = "<group>"; };
		A5B6451A1E5C985000A747BA /* TutorialViewController.swift */ = {isa = PBXFileReference; fileEncoding = 4; lastKnownFileType = sourcecode.swift; path = TutorialViewController.swift; sourceTree = "<group>"; };
		A5B6451E1E5C985900A747BA /* NotesViewController.swift */ = {isa = PBXFileReference; fileEncoding = 4; lastKnownFileType = sourcecode.swift; path = NotesViewController.swift; sourceTree = "<group>"; };
		A5B6451F1E5C985900A747BA /* RewardVideoViewController.swift */ = {isa = PBXFileReference; fileEncoding = 4; lastKnownFileType = sourcecode.swift; path = RewardVideoViewController.swift; sourceTree = "<group>"; };
		A5B645231E5C988300A747BA /* WorkoutNavigationController.swift */ = {isa = PBXFileReference; fileEncoding = 4; lastKnownFileType = sourcecode.swift; path = WorkoutNavigationController.swift; sourceTree = "<group>"; };
		A5B645241E5C988300A747BA /* PhotoNavigationController.swift */ = {isa = PBXFileReference; fileEncoding = 4; lastKnownFileType = sourcecode.swift; path = PhotoNavigationController.swift; sourceTree = "<group>"; };
		A5B645251E5C988300A747BA /* MeasurementNavigationController.swift */ = {isa = PBXFileReference; fileEncoding = 4; lastKnownFileType = sourcecode.swift; path = MeasurementNavigationController.swift; sourceTree = "<group>"; };
		A5B645291E5C989800A747BA /* AppDelegate.swift */ = {isa = PBXFileReference; fileEncoding = 4; lastKnownFileType = sourcecode.swift; path = AppDelegate.swift; sourceTree = "<group>"; };
		A5B6452A1E5C989800A747BA /* MainTBC.swift */ = {isa = PBXFileReference; fileEncoding = 4; lastKnownFileType = sourcecode.swift; path = MainTBC.swift; sourceTree = "<group>"; };
		A5B6452B1E5C989800A747BA /* Main.storyboard */ = {isa = PBXFileReference; fileEncoding = 4; lastKnownFileType = file.storyboard; path = Main.storyboard; sourceTree = "<group>"; };
		A5B6452C1E5C989800A747BA /* LaunchScreen.storyboard */ = {isa = PBXFileReference; fileEncoding = 4; lastKnownFileType = file.storyboard; path = LaunchScreen.storyboard; sourceTree = "<group>"; };
		A5B6452D1E5C989800A747BA /* DatePickerViewController.swift */ = {isa = PBXFileReference; fileEncoding = 4; lastKnownFileType = sourcecode.swift; path = DatePickerViewController.swift; sourceTree = "<group>"; };
		A5B645331E5CA09700A747BA /* WebKit.framework */ = {isa = PBXFileReference; lastKnownFileType = wrapper.framework; name = WebKit.framework; path = System/Library/Frameworks/WebKit.framework; sourceTree = SDKROOT; };
		A5B645351E5CA0A600A747BA /* libc++.tbd */ = {isa = PBXFileReference; lastKnownFileType = "sourcecode.text-based-dylib-definition"; name = "libc++.tbd"; path = "usr/lib/libc++.tbd"; sourceTree = SDKROOT; };
		A5B645411E5CA25C00A747BA /* CoreText.framework */ = {isa = PBXFileReference; lastKnownFileType = wrapper.framework; name = CoreText.framework; path = System/Library/Frameworks/CoreText.framework; sourceTree = SDKROOT; };
		A5B645431E5CA26A00A747BA /* OpenGLES.framework */ = {isa = PBXFileReference; lastKnownFileType = wrapper.framework; name = OpenGLES.framework; path = System/Library/Frameworks/OpenGLES.framework; sourceTree = SDKROOT; };
		A5BC87991E72116A00213A80 /* ShinobiCharts.framework */ = {isa = PBXFileReference; lastKnownFileType = wrapper.framework; path = ShinobiCharts.framework; sourceTree = "<group>"; };
/* End PBXFileReference section */

/* Begin PBXFrameworksBuildPhase section */
		A57206B7185F631B00638698 /* Frameworks */ = {
			isa = PBXFrameworksBuildPhase;
			buildActionMask = 2147483647;
			files = (
				A5B645441E5CA26A00A747BA /* OpenGLES.framework in Frameworks */,
				A5B645421E5CA25C00A747BA /* CoreText.framework in Frameworks */,
				A5B645361E5CA0A600A747BA /* libc++.tbd in Frameworks */,
				A5B645341E5CA09700A747BA /* WebKit.framework in Frameworks */,
				58109DFD1BE1894C00C66B72 /* CoreBluetooth.framework in Frameworks */,
				58109DFB1BE1894300C66B72 /* libxml2.tbd in Frameworks */,
				58109DF81BE1890C00C66B72 /* EventKit.framework in Frameworks */,
				58109DF91BE1890C00C66B72 /* EventKitUI.framework in Frameworks */,
				58109DF51BE188FC00C66B72 /* CoreMedia.framework in Frameworks */,
				A5720780185F835D00638698 /* Twitter.framework in Frameworks */,
				A572077E185F834D00638698 /* SystemConfiguration.framework in Frameworks */,
				58F0792B188C579800638658 /* StoreKit.framework in Frameworks */,
				A5720774185F82E500638698 /* Social.framework in Frameworks */,
				A5720772185F82D600638698 /* QuartzCore.framework in Frameworks */,
				58109DF31BE1889F00C66B72 /* PassKit.framework in Frameworks */,
				58109DF11BE1889600C66B72 /* MobileCoreServices.framework in Frameworks */,
				A572077C185F833500638698 /* MessageUI.framework in Frameworks */,
				A5720782185F836A00638698 /* MediaPlayer.framework in Frameworks */,
				58109DEF1BE1887300C66B72 /* CoreTelephony.framework in Frameworks */,
				58109DED1BE1886900C66B72 /* CoreLocation.framework in Frameworks */,
				A57206C0185F631B00638698 /* CoreGraphics.framework in Frameworks */,
				58109DEB1BE1885800C66B72 /* AVFoundation.framework in Frameworks */,
				A5720776185F82F500638698 /* AudioToolbox.framework in Frameworks */,
				58109DE91BE1884500C66B72 /* AdSupport.framework in Frameworks */,
				A5720778185F830100638698 /* CoreImage.framework in Frameworks */,
				A5BC879A1E72116A00213A80 /* ShinobiCharts.framework in Frameworks */,
				A5720770185F82C300638698 /* Security.framework in Frameworks */,
				A57206C4185F631B00638698 /* CoreData.framework in Frameworks */,
				A57206C2185F631B00638698 /* UIKit.framework in Frameworks */,
				A57206BE185F631B00638698 /* Foundation.framework in Frameworks */,
			);
			runOnlyForDeploymentPostprocessing = 0;
		};
		A57206D7185F631B00638698 /* Frameworks */ = {
			isa = PBXFrameworksBuildPhase;
			buildActionMask = 2147483647;
			files = (
				A57206DC185F631B00638698 /* XCTest.framework in Frameworks */,
				A57206DF185F631B00638698 /* CoreData.framework in Frameworks */,
				A57206DE185F631B00638698 /* UIKit.framework in Frameworks */,
				A57206DD185F631B00638698 /* Foundation.framework in Frameworks */,
			);
			runOnlyForDeploymentPostprocessing = 0;
		};
/* End PBXFrameworksBuildPhase section */

/* Begin PBXGroup section */
		A57206B1185F631B00638698 = {
			isa = PBXGroup;
			children = (
				A5B641DB1E5C951600A747BA /* Data Model */,
				A57206C5185F631B00638698 /* 90 DWT 3 */,
				A57206E2185F631B00638698 /* 90 DWT 3Tests */,
				A57206BC185F631B00638698 /* Frameworks */,
				A57206BB185F631B00638698 /* Products */,
			);
			sourceTree = "<group>";
		};
		A57206BB185F631B00638698 /* Products */ = {
			isa = PBXGroup;
			children = (
				A57206BA185F631B00638698 /* 90 DWT 3.app */,
				A57206DA185F631B00638698 /* 90 DWT 3Tests.xctest */,
			);
			name = Products;
			sourceTree = "<group>";
		};
		A57206BC185F631B00638698 /* Frameworks */ = {
			isa = PBXGroup;
			children = (
				A5BC87991E72116A00213A80 /* ShinobiCharts.framework */,
				A5B645431E5CA26A00A747BA /* OpenGLES.framework */,
				A5B645411E5CA25C00A747BA /* CoreText.framework */,
				A5B645351E5CA0A600A747BA /* libc++.tbd */,
				A5B645331E5CA09700A747BA /* WebKit.framework */,
				58109DFC1BE1894C00C66B72 /* CoreBluetooth.framework */,
				58109DFA1BE1894300C66B72 /* libxml2.tbd */,
				58109DF61BE1890C00C66B72 /* EventKit.framework */,
				58109DF71BE1890C00C66B72 /* EventKitUI.framework */,
				58109DF41BE188FC00C66B72 /* CoreMedia.framework */,
				58109DF21BE1889F00C66B72 /* PassKit.framework */,
				58109DF01BE1889600C66B72 /* MobileCoreServices.framework */,
				58109DEE1BE1887300C66B72 /* CoreTelephony.framework */,
				58109DEC1BE1886900C66B72 /* CoreLocation.framework */,
				58109DEA1BE1885800C66B72 /* AVFoundation.framework */,
				58109DE81BE1884500C66B72 /* AdSupport.framework */,
				58F0792A188C579800638658 /* StoreKit.framework */,
				A5720781185F836A00638698 /* MediaPlayer.framework */,
				A572077F185F835D00638698 /* Twitter.framework */,
				A572077D185F834D00638698 /* SystemConfiguration.framework */,
				A572077B185F833500638698 /* MessageUI.framework */,
				A5720777185F830100638698 /* CoreImage.framework */,
				A5720775185F82F500638698 /* AudioToolbox.framework */,
				A5720773185F82E500638698 /* Social.framework */,
				A5720771185F82D600638698 /* QuartzCore.framework */,
				A572076F185F82C300638698 /* Security.framework */,
				A57206BD185F631B00638698 /* Foundation.framework */,
				A57206BF185F631B00638698 /* CoreGraphics.framework */,
				A57206C1185F631B00638698 /* UIKit.framework */,
				A57206C3185F631B00638698 /* CoreData.framework */,
				A57206DB185F631B00638698 /* XCTest.framework */,
			);
			name = Frameworks;
			sourceTree = "<group>";
		};
		A57206C5185F631B00638698 /* 90 DWT 3 */ = {
			isa = PBXGroup;
			children = (
				A5B6440D1E5C961800A747BA /* ShinobiControls */,
				A5B644C31E5C965F00A747BA /* Generic Core Data Classes */,
				A5B644E51E5C96EB00A747BA /* In-App Purchases */,
				A5B644EC1E5C978B00A747BA /* TableView Controllers */,
				A5B6450C1E5C980B00A747BA /* ViewControllers */,
				A5B645221E5C986E00A747BA /* Navigation Controllers */,
				58F73FFC188C4339001CCE57 /* 90 DWT 3.entitlements */,
				A5B645291E5C989800A747BA /* AppDelegate.swift */,
				A5B6452A1E5C989800A747BA /* MainTBC.swift */,
				A5B6452B1E5C989800A747BA /* Main.storyboard */,
				A5B6452C1E5C989800A747BA /* LaunchScreen.storyboard */,
				A5B6452D1E5C989800A747BA /* DatePickerViewController.swift */,
				5889CAE81C25F0BB006D1756 /* Settings.bundle */,
				A57206D1185F631B00638698 /* _0_DWT_3.xcdatamodeld */,
				A5B641B61E5C950300A747BA /* 90 DWT 3-Bridging-Header.h */,
				A57206D4185F631B00638698 /* Images.xcassets */,
				A57206C6185F631B00638698 /* Supporting Files */,
			);
			path = "90 DWT 3";
			sourceTree = "<group>";
		};
		A57206C6185F631B00638698 /* Supporting Files */ = {
			isa = PBXGroup;
			children = (
				A57206C7185F631B00638698 /* 90 DWT 3-Info.plist */,
				A57206C8185F631B00638698 /* InfoPlist.strings */,
				A57206CD185F631B00638698 /* 90 DWT 3-Prefix.pch */,
			);
			name = "Supporting Files";
			sourceTree = "<group>";
		};
		A57206E2185F631B00638698 /* 90 DWT 3Tests */ = {
			isa = PBXGroup;
			children = (
				A57206E8185F631B00638698 /* _0_DWT_3Tests.m */,
				A57206E3185F631B00638698 /* Supporting Files */,
			);
			path = "90 DWT 3Tests";
			sourceTree = "<group>";
		};
		A57206E3185F631B00638698 /* Supporting Files */ = {
			isa = PBXGroup;
			children = (
				A57206E4185F631B00638698 /* 90 DWT 3Tests-Info.plist */,
				A57206E5185F631B00638698 /* InfoPlist.strings */,
			);
			name = "Supporting Files";
			sourceTree = "<group>";
		};
		A5B641DB1E5C951600A747BA /* Data Model */ = {
			isa = PBXGroup;
			children = (
				A5A5F6E11E8EB26900A4FB79 /* Session+CoreDataClass.swift */,
				A5A5F6E21E8EB26900A4FB79 /* Session+CoreDataProperties.swift */,
				A5B641B71E5C950400A747BA /* AutoLock+CoreDataClass.swift */,
				A5B641B81E5C950400A747BA /* AutoLock+CoreDataProperties.swift */,
				A5B641B91E5C950400A747BA /* Workout+CoreDataClass.swift */,
				A5B641BA1E5C950400A747BA /* Workout+CoreDataProperties.swift */,
				A5B641BB1E5C950400A747BA /* WorkoutCompleteDate+CoreDataClass.swift */,
				A5B641BC1E5C950400A747BA /* WorkoutCompleteDate+CoreDataProperties.swift */,
				A5B641BD1E5C950400A747BA /* Email+CoreDataClass.swift */,
				A5B641BE1E5C950400A747BA /* Email+CoreDataProperties.swift */,
				A5B641BF1E5C950400A747BA /* Measurement+CoreDataClass.swift */,
				A5B641C01E5C950400A747BA /* Measurement+CoreDataProperties.swift */,
				A5B641C11E5C950400A747BA /* Routine+CoreDataClass.swift */,
				A5B641C21E5C950400A747BA /* Routine+CoreDataProperties.swift */,
				A5B641C31E5C950400A747BA /* Bands+CoreDataClass.swift */,
				A5B641C41E5C950400A747BA /* Bands+CoreDataProperties.swift */,
				A5B641C51E5C950400A747BA /* Photo+CoreDataClass.swift */,
				A5B641C61E5C950400A747BA /* Photo+CoreDataProperties.swift */,
			);
			name = "Data Model";
			sourceTree = "<group>";
		};
		A5B6440D1E5C961800A747BA /* ShinobiControls */ = {
			isa = PBXGroup;
			children = (
				A5B6440E1E5C962200A747BA /* Headers */,
				A5B644C11E5C964700A747BA /* ExerciseChartViewController.swift */,
			);
			name = ShinobiControls;
			sourceTree = "<group>";
		};
		A5B6440E1E5C962200A747BA /* Headers */ = {
			isa = PBXGroup;
			children = (
			);
			name = Headers;
			sourceTree = "<group>";
		};
		A5B644C31E5C965F00A747BA /* Generic Core Data Classes */ = {
			isa = PBXGroup;
			children = (
				A5B644C51E5C968300A747BA /* Objective C */,
				A5B644C41E5C967B00A747BA /* Swift */,
			);
			name = "Generic Core Data Classes";
			sourceTree = "<group>";
		};
		A5B644C41E5C967B00A747BA /* Swift */ = {
			isa = PBXGroup;
			children = (
				A5B644CF1E5C969E00A747BA /* CDCloudSync.swift */,
				A5B644D01E5C969E00A747BA /* CDDeduplicator.swift */,
				A5B644D11E5C969E00A747BA /* CDFaulter.swift */,
				A5B644D21E5C969E00A747BA /* CDHelper.swift */,
				A5B644D31E5C969E00A747BA /* CDImporter.swift */,
				A5B644D41E5C969E00A747BA /* CDMigration.swift */,
				A5B644D51E5C969E00A747BA /* CDOperation.swift */,
				A5B644D61E5C969E00A747BA /* CDPickerTextField.swift */,
				A5B644D71E5C969E00A747BA /* CDTableViewController.swift */,
				A5B644D81E5C969E00A747BA /* CDThumbnailer.swift */,
				A5B644D91E5C969E00A747BA /* MigrationVC.swift */,
			);
			name = Swift;
			sourceTree = "<group>";
		};
		A5B644C51E5C968300A747BA /* Objective C */ = {
			isa = PBXGroup;
			children = (
				A5B644C61E5C969300A747BA /* CoreDataHelper.h */,
				A5B644C71E5C969300A747BA /* CoreDataHelper.m */,
				A5B644C81E5C969300A747BA /* CoreDataImporter.h */,
				A5B644C91E5C969300A747BA /* CoreDataImporter.m */,
				A5B644CA1E5C969300A747BA /* Faulter.h */,
				A5B644CB1E5C969300A747BA /* Faulter.m */,
			);
			name = "Objective C";
			sourceTree = "<group>";
		};
		A5B644E51E5C96EB00A747BA /* In-App Purchases */ = {
			isa = PBXGroup;
			children = (
				A5B644E61E5C970100A747BA /* IAPHelper.swift */,
				A5B644E71E5C970100A747BA /* Products.swift */,
				A5B644E81E5C970100A747BA /* ProductCell.swift */,
			);
			name = "In-App Purchases";
			sourceTree = "<group>";
		};
		A5B644EC1E5C978B00A747BA /* TableView Controllers */ = {
			isa = PBXGroup;
			children = (
				A5B644ED1E5C979B00A747BA /* TableViewCells */,
				A5B644FE1E5C97EE00A747BA /* StoreTVC.swift */,
				A5B644FF1E5C97EE00A747BA /* MonthTVC.swift */,
				A5B645001E5C97EE00A747BA /* WeekTVC.swift */,
				A5B645011E5C97EE00A747BA /* WorkoutTVC.swift */,
				A5B645021E5C97EE00A747BA /* MeasurementsTVC.swift */,
				A5B645031E5C97EE00A747BA /* PhotoTVC.swift */,
				A5B645041E5C97EE00A747BA /* SettingsTVC.swift */,
			);
			name = "TableView Controllers";
			sourceTree = "<group>";
		};
		A5B644ED1E5C979B00A747BA /* TableViewCells */ = {
			isa = PBXGroup;
			children = (
				A5B644EE1E5C97E000A747BA /* MonthTVC_TableViewCell.swift */,
				A5B644EF1E5C97E000A747BA /* WeekTVC_TableViewCell.swift */,
				A5B644F01E5C97E000A747BA /* WorkoutTVC_WorkoutTableViewCell.swift */,
				A522F1951E674C4D00C92A57 /* WorkoutTVC_Workout5Round__Rep_TableViewCell.swift */,
				A5853A2A1E6E0C65007E1E7E /* WorkoutTVC_Workout5Round_Weight_TableViewCell.swift */,
				A5B644F11E5C97E000A747BA /* WorkoutTVC_CompletionTableViewCell.swift */,
				A5B644F31E5C97E000A747BA /* PhotoCollectionViewCell.swift */,
				A5B644F41E5C97E000A747BA /* PhotoCollectionHeaderView.swift */,
				A5B644F51E5C97E000A747BA /* StoreRewardVideoTableViewCell.swift */,
			);
			name = TableViewCells;
			sourceTree = "<group>";
		};
		A5B6450C1E5C980B00A747BA /* ViewControllers */ = {
			isa = PBXGroup;
			children = (
				A5B6450F1E5C982E00A747BA /* Measurements */,
				A5B6450E1E5C982700A747BA /* Photos */,
				A5B6450D1E5C982000A747BA /* Settings */,
				A5B6451E1E5C985900A747BA /* NotesViewController.swift */,
				A5B6451F1E5C985900A747BA /* RewardVideoViewController.swift */,
			);
			name = ViewControllers;
			sourceTree = "<group>";
		};
		A5B6450D1E5C982000A747BA /* Settings */ = {
			isa = PBXGroup;
			children = (
				A5B645181E5C985000A747BA /* EmailViewController.swift */,
				A5B645191E5C985000A747BA /* WebsiteViewController.swift */,
				A5B6451A1E5C985000A747BA /* TutorialViewController.swift */,
			);
			name = Settings;
			sourceTree = "<group>";
		};
		A5B6450E1E5C982700A747BA /* Photos */ = {
			isa = PBXGroup;
			children = (
				A5B645141E5C984800A747BA /* TakePhotosViewController.swift */,
				A5B645151E5C984800A747BA /* ViewPhotosViewController.swift */,
			);
			name = Photos;
			sourceTree = "<group>";
		};
		A5B6450F1E5C982E00A747BA /* Measurements */ = {
			isa = PBXGroup;
			children = (
				A5B645101E5C983F00A747BA /* MeasurementsRecordViewController.swift */,
				A5B645111E5C983F00A747BA /* MeasurementsReportViewController.swift */,
			);
			name = Measurements;
			sourceTree = "<group>";
		};
		A5B645221E5C986E00A747BA /* Navigation Controllers */ = {
			isa = PBXGroup;
			children = (
				A5B645231E5C988300A747BA /* WorkoutNavigationController.swift */,
				A5B645241E5C988300A747BA /* PhotoNavigationController.swift */,
				A5B645251E5C988300A747BA /* MeasurementNavigationController.swift */,
			);
			name = "Navigation Controllers";
			sourceTree = "<group>";
		};
/* End PBXGroup section */

/* Begin PBXNativeTarget section */
		A57206B9185F631B00638698 /* 90 DWT 3 */ = {
			isa = PBXNativeTarget;
			buildConfigurationList = A57206EC185F631B00638698 /* Build configuration list for PBXNativeTarget "90 DWT 3" */;
			buildPhases = (
				A57206B6185F631B00638698 /* Sources */,
				A57206B7185F631B00638698 /* Frameworks */,
				A57206B8185F631B00638698 /* Resources */,
			);
			buildRules = (
			);
			dependencies = (
			);
			name = "90 DWT 3";
			productName = "90 DWT 3";
			productReference = A57206BA185F631B00638698 /* 90 DWT 3.app */;
			productType = "com.apple.product-type.application";
		};
		A57206D9185F631B00638698 /* 90 DWT 3Tests */ = {
			isa = PBXNativeTarget;
			buildConfigurationList = A57206EF185F631B00638698 /* Build configuration list for PBXNativeTarget "90 DWT 3Tests" */;
			buildPhases = (
				A57206D6185F631B00638698 /* Sources */,
				A57206D7185F631B00638698 /* Frameworks */,
				A57206D8185F631B00638698 /* Resources */,
			);
			buildRules = (
			);
			dependencies = (
				A57206E1185F631B00638698 /* PBXTargetDependency */,
			);
			name = "90 DWT 3Tests";
			productName = "90 DWT 3Tests";
			productReference = A57206DA185F631B00638698 /* 90 DWT 3Tests.xctest */;
			productType = "com.apple.product-type.bundle.unit-test";
		};
/* End PBXNativeTarget section */

/* Begin PBXProject section */
		A57206B2185F631B00638698 /* Project object */ = {
			isa = PBXProject;
			attributes = {
				LastUpgradeCheck = 0910;
				ORGANIZATIONNAME = "Grant, Jared";
				TargetAttributes = {
					A57206B9185F631B00638698 = {
						DevelopmentTeam = 5SHF8ESE26;
						LastSwiftMigration = 0910;
						SystemCapabilities = {
							com.apple.InAppPurchase = {
								enabled = 1;
							};
							com.apple.Keychain = {
								enabled = 0;
							};
							com.apple.iCloud = {
								enabled = 1;
							};
						};
					};
					A57206D9185F631B00638698 = {
						TestTargetID = A57206B9185F631B00638698;
					};
				};
			};
			buildConfigurationList = A57206B5185F631B00638698 /* Build configuration list for PBXProject "90 DWT 3" */;
			compatibilityVersion = "Xcode 3.2";
			developmentRegion = English;
			hasScannedForEncodings = 0;
			knownRegions = (
				en,
			);
			mainGroup = A57206B1185F631B00638698;
			productRefGroup = A57206BB185F631B00638698 /* Products */;
			projectDirPath = "";
			projectRoot = "";
			targets = (
				A57206B9185F631B00638698 /* 90 DWT 3 */,
				A57206D9185F631B00638698 /* 90 DWT 3Tests */,
			);
		};
/* End PBXProject section */

/* Begin PBXResourcesBuildPhase section */
		A57206B8185F631B00638698 /* Resources */ = {
			isa = PBXResourcesBuildPhase;
			buildActionMask = 2147483647;
			files = (
				A5B645311E5C989800A747BA /* LaunchScreen.storyboard in Resources */,
				A5B645301E5C989800A747BA /* Main.storyboard in Resources */,
				5889CAE91C25F0BB006D1756 /* Settings.bundle in Resources */,
				A57206CA185F631B00638698 /* InfoPlist.strings in Resources */,
				A57206D5185F631B00638698 /* Images.xcassets in Resources */,
			);
			runOnlyForDeploymentPostprocessing = 0;
		};
		A57206D8185F631B00638698 /* Resources */ = {
			isa = PBXResourcesBuildPhase;
			buildActionMask = 2147483647;
			files = (
				A57206E7185F631B00638698 /* InfoPlist.strings in Resources */,
			);
			runOnlyForDeploymentPostprocessing = 0;
		};
/* End PBXResourcesBuildPhase section */

/* Begin PBXSourcesBuildPhase section */
		A57206B6185F631B00638698 /* Sources */ = {
			isa = PBXSourcesBuildPhase;
			buildActionMask = 2147483647;
			files = (
				A5B644F61E5C97E000A747BA /* MonthTVC_TableViewCell.swift in Sources */,
				A5B644DB1E5C969E00A747BA /* CDDeduplicator.swift in Sources */,
				A5B644FD1E5C97E000A747BA /* StoreRewardVideoTableViewCell.swift in Sources */,
				A5A5F6E41E8EB26900A4FB79 /* Session+CoreDataProperties.swift in Sources */,
				A5B641D51E5C950400A747BA /* Bands+CoreDataClass.swift in Sources */,
				A5B644F71E5C97E000A747BA /* WeekTVC_TableViewCell.swift in Sources */,
				A5B641D31E5C950400A747BA /* Routine+CoreDataClass.swift in Sources */,
				A5B644DF1E5C969E00A747BA /* CDMigration.swift in Sources */,
				A5B641D71E5C950400A747BA /* Photo+CoreDataClass.swift in Sources */,
				A5B641D01E5C950400A747BA /* Email+CoreDataProperties.swift in Sources */,
				A5B645261E5C988300A747BA /* WorkoutNavigationController.swift in Sources */,
				A5B644CD1E5C969300A747BA /* CoreDataImporter.m in Sources */,
				A5B6452E1E5C989800A747BA /* AppDelegate.swift in Sources */,
				A5B641CF1E5C950400A747BA /* Email+CoreDataClass.swift in Sources */,
				A5B645091E5C97EE00A747BA /* MeasurementsTVC.swift in Sources */,
				A5B644E01E5C969E00A747BA /* CDOperation.swift in Sources */,
				A5B6450A1E5C97EE00A747BA /* PhotoTVC.swift in Sources */,
				A5B645201E5C985900A747BA /* NotesViewController.swift in Sources */,
				A5B645081E5C97EE00A747BA /* WorkoutTVC.swift in Sources */,
				A5B641D81E5C950400A747BA /* Photo+CoreDataProperties.swift in Sources */,
				A5B645161E5C984800A747BA /* TakePhotosViewController.swift in Sources */,
				A5B644DA1E5C969E00A747BA /* CDCloudSync.swift in Sources */,
				A5B644E41E5C969E00A747BA /* MigrationVC.swift in Sources */,
				A5B645211E5C985900A747BA /* RewardVideoViewController.swift in Sources */,
				A5B641CE1E5C950400A747BA /* WorkoutCompleteDate+CoreDataProperties.swift in Sources */,
				A5B6450B1E5C97EE00A747BA /* SettingsTVC.swift in Sources */,
				A5B644F81E5C97E000A747BA /* WorkoutTVC_WorkoutTableViewCell.swift in Sources */,
				A5A5F6E31E8EB26900A4FB79 /* Session+CoreDataClass.swift in Sources */,
				A5B645051E5C97EE00A747BA /* StoreTVC.swift in Sources */,
				A5B644C21E5C964700A747BA /* ExerciseChartViewController.swift in Sources */,
				A5B645131E5C983F00A747BA /* MeasurementsReportViewController.swift in Sources */,
				A5853A2B1E6E0C65007E1E7E /* WorkoutTVC_Workout5Round_Weight_TableViewCell.swift in Sources */,
				A57206D3185F631B00638698 /* _0_DWT_3.xcdatamodeld in Sources */,
				A5B645321E5C989800A747BA /* DatePickerViewController.swift in Sources */,
				A5B641CC1E5C950400A747BA /* Workout+CoreDataProperties.swift in Sources */,
				A5B644E91E5C970100A747BA /* IAPHelper.swift in Sources */,
				A5B645071E5C97EE00A747BA /* WeekTVC.swift in Sources */,
				A5B641CB1E5C950400A747BA /* Workout+CoreDataClass.swift in Sources */,
				A5B641D11E5C950400A747BA /* Measurement+CoreDataClass.swift in Sources */,
				A5B6451D1E5C985000A747BA /* TutorialViewController.swift in Sources */,
				A5B644FB1E5C97E000A747BA /* PhotoCollectionViewCell.swift in Sources */,
				A5B6452F1E5C989800A747BA /* MainTBC.swift in Sources */,
				A5B641D61E5C950400A747BA /* Bands+CoreDataProperties.swift in Sources */,
				A5B641C91E5C950400A747BA /* AutoLock+CoreDataClass.swift in Sources */,
				A5B641CD1E5C950400A747BA /* WorkoutCompleteDate+CoreDataClass.swift in Sources */,
				A5B645171E5C984800A747BA /* ViewPhotosViewController.swift in Sources */,
				A5B644CE1E5C969300A747BA /* Faulter.m in Sources */,
				A5B644CC1E5C969300A747BA /* CoreDataHelper.m in Sources */,
				A5B645271E5C988300A747BA /* PhotoNavigationController.swift in Sources */,
				A5B6451B1E5C985000A747BA /* EmailViewController.swift in Sources */,
				A5B644DE1E5C969E00A747BA /* CDImporter.swift in Sources */,
				A5B645281E5C988300A747BA /* MeasurementNavigationController.swift in Sources */,
				A5B644F91E5C97E000A747BA /* WorkoutTVC_CompletionTableViewCell.swift in Sources */,
				A5B644DC1E5C969E00A747BA /* CDFaulter.swift in Sources */,
				A5B644EB1E5C970100A747BA /* ProductCell.swift in Sources */,
				A522F1961E674C4D00C92A57 /* WorkoutTVC_Workout5Round__Rep_TableViewCell.swift in Sources */,
				A5B645061E5C97EE00A747BA /* MonthTVC.swift in Sources */,
				A5B641D21E5C950400A747BA /* Measurement+CoreDataProperties.swift in Sources */,
				A5B645121E5C983F00A747BA /* MeasurementsRecordViewController.swift in Sources */,
				A5B644E21E5C969E00A747BA /* CDTableViewController.swift in Sources */,
				A5B644E11E5C969E00A747BA /* CDPickerTextField.swift in Sources */,
				A5B644DD1E5C969E00A747BA /* CDHelper.swift in Sources */,
				A5B6451C1E5C985000A747BA /* WebsiteViewController.swift in Sources */,
				A5B644EA1E5C970100A747BA /* Products.swift in Sources */,
				A5B641D41E5C950400A747BA /* Routine+CoreDataProperties.swift in Sources */,
				A5B641CA1E5C950400A747BA /* AutoLock+CoreDataProperties.swift in Sources */,
				A5B644E31E5C969E00A747BA /* CDThumbnailer.swift in Sources */,
				A5B644FC1E5C97E000A747BA /* PhotoCollectionHeaderView.swift in Sources */,
			);
			runOnlyForDeploymentPostprocessing = 0;
		};
		A57206D6185F631B00638698 /* Sources */ = {
			isa = PBXSourcesBuildPhase;
			buildActionMask = 2147483647;
			files = (
				A57206E9185F631B00638698 /* _0_DWT_3Tests.m in Sources */,
			);
			runOnlyForDeploymentPostprocessing = 0;
		};
/* End PBXSourcesBuildPhase section */

/* Begin PBXTargetDependency section */
		A57206E1185F631B00638698 /* PBXTargetDependency */ = {
			isa = PBXTargetDependency;
			target = A57206B9185F631B00638698 /* 90 DWT 3 */;
			targetProxy = A57206E0185F631B00638698 /* PBXContainerItemProxy */;
		};
/* End PBXTargetDependency section */

/* Begin PBXVariantGroup section */
		A57206C8185F631B00638698 /* InfoPlist.strings */ = {
			isa = PBXVariantGroup;
			children = (
				A57206C9185F631B00638698 /* en */,
			);
			name = InfoPlist.strings;
			sourceTree = "<group>";
		};
		A57206E5185F631B00638698 /* InfoPlist.strings */ = {
			isa = PBXVariantGroup;
			children = (
				A57206E6185F631B00638698 /* en */,
			);
			name = InfoPlist.strings;
			sourceTree = "<group>";
		};
/* End PBXVariantGroup section */

/* Begin XCBuildConfiguration section */
		A57206EA185F631B00638698 /* Debug */ = {
			isa = XCBuildConfiguration;
			buildSettings = {
				ALWAYS_SEARCH_USER_PATHS = NO;
				CLANG_CXX_LANGUAGE_STANDARD = "gnu++0x";
				CLANG_CXX_LIBRARY = "libc++";
				CLANG_ENABLE_MODULES = YES;
				CLANG_ENABLE_OBJC_ARC = YES;
				CLANG_WARN_BLOCK_CAPTURE_AUTORELEASING = YES;
				CLANG_WARN_BOOL_CONVERSION = YES;
				CLANG_WARN_COMMA = YES;
				CLANG_WARN_CONSTANT_CONVERSION = YES;
				CLANG_WARN_DIRECT_OBJC_ISA_USAGE = YES_ERROR;
				CLANG_WARN_EMPTY_BODY = YES;
				CLANG_WARN_ENUM_CONVERSION = YES;
				CLANG_WARN_INFINITE_RECURSION = YES;
				CLANG_WARN_INT_CONVERSION = YES;
				CLANG_WARN_NON_LITERAL_NULL_CONVERSION = YES;
				CLANG_WARN_OBJC_LITERAL_CONVERSION = YES;
				CLANG_WARN_OBJC_ROOT_CLASS = YES_ERROR;
				CLANG_WARN_RANGE_LOOP_ANALYSIS = YES;
				CLANG_WARN_STRICT_PROTOTYPES = YES;
				CLANG_WARN_SUSPICIOUS_MOVE = YES;
				CLANG_WARN_UNREACHABLE_CODE = YES;
				CLANG_WARN__DUPLICATE_METHOD_MATCH = YES;
				"CODE_SIGN_IDENTITY[sdk=iphoneos*]" = "iPhone Developer";
				COPY_PHASE_STRIP = NO;
				ENABLE_STRICT_OBJC_MSGSEND = YES;
				ENABLE_TESTABILITY = YES;
				GCC_C_LANGUAGE_STANDARD = gnu99;
				GCC_DYNAMIC_NO_PIC = NO;
				GCC_NO_COMMON_BLOCKS = YES;
				GCC_OPTIMIZATION_LEVEL = 0;
				GCC_PREPROCESSOR_DEFINITIONS = (
					"DEBUG=1",
					"$(inherited)",
				);
				GCC_SYMBOLS_PRIVATE_EXTERN = NO;
				GCC_WARN_64_TO_32_BIT_CONVERSION = YES;
				GCC_WARN_ABOUT_RETURN_TYPE = YES_ERROR;
				GCC_WARN_UNDECLARED_SELECTOR = YES;
				GCC_WARN_UNINITIALIZED_AUTOS = YES;
				GCC_WARN_UNUSED_FUNCTION = YES;
				GCC_WARN_UNUSED_VARIABLE = YES;
				IPHONEOS_DEPLOYMENT_TARGET = 9.3;
				ONLY_ACTIVE_ARCH = YES;
				SDKROOT = iphoneos;
				TARGETED_DEVICE_FAMILY = "1,2";
			};
			name = Debug;
		};
		A57206EB185F631B00638698 /* Release */ = {
			isa = XCBuildConfiguration;
			buildSettings = {
				ALWAYS_SEARCH_USER_PATHS = NO;
				CLANG_CXX_LANGUAGE_STANDARD = "gnu++0x";
				CLANG_CXX_LIBRARY = "libc++";
				CLANG_ENABLE_MODULES = YES;
				CLANG_ENABLE_OBJC_ARC = YES;
				CLANG_WARN_BLOCK_CAPTURE_AUTORELEASING = YES;
				CLANG_WARN_BOOL_CONVERSION = YES;
				CLANG_WARN_COMMA = YES;
				CLANG_WARN_CONSTANT_CONVERSION = YES;
				CLANG_WARN_DIRECT_OBJC_ISA_USAGE = YES_ERROR;
				CLANG_WARN_EMPTY_BODY = YES;
				CLANG_WARN_ENUM_CONVERSION = YES;
				CLANG_WARN_INFINITE_RECURSION = YES;
				CLANG_WARN_INT_CONVERSION = YES;
				CLANG_WARN_NON_LITERAL_NULL_CONVERSION = YES;
				CLANG_WARN_OBJC_LITERAL_CONVERSION = YES;
				CLANG_WARN_OBJC_ROOT_CLASS = YES_ERROR;
				CLANG_WARN_RANGE_LOOP_ANALYSIS = YES;
				CLANG_WARN_STRICT_PROTOTYPES = YES;
				CLANG_WARN_SUSPICIOUS_MOVE = YES;
				CLANG_WARN_UNREACHABLE_CODE = YES;
				CLANG_WARN__DUPLICATE_METHOD_MATCH = YES;
				"CODE_SIGN_IDENTITY[sdk=iphoneos*]" = "iPhone Developer";
				COPY_PHASE_STRIP = YES;
				ENABLE_NS_ASSERTIONS = NO;
				ENABLE_STRICT_OBJC_MSGSEND = YES;
				GCC_C_LANGUAGE_STANDARD = gnu99;
				GCC_NO_COMMON_BLOCKS = YES;
				GCC_WARN_64_TO_32_BIT_CONVERSION = YES;
				GCC_WARN_ABOUT_RETURN_TYPE = YES_ERROR;
				GCC_WARN_UNDECLARED_SELECTOR = YES;
				GCC_WARN_UNINITIALIZED_AUTOS = YES;
				GCC_WARN_UNUSED_FUNCTION = YES;
				GCC_WARN_UNUSED_VARIABLE = YES;
				IPHONEOS_DEPLOYMENT_TARGET = 9.3;
				SDKROOT = iphoneos;
				SWIFT_OPTIMIZATION_LEVEL = "-Owholemodule";
				TARGETED_DEVICE_FAMILY = "1,2";
				VALIDATE_PRODUCT = YES;
			};
			name = Release;
		};
		A57206ED185F631B00638698 /* Debug */ = {
			isa = XCBuildConfiguration;
			buildSettings = {
				ASSETCATALOG_COMPILER_APPICON_NAME = AppIcon;
				CLANG_ENABLE_MODULES = YES;
				CODE_SIGN_ENTITLEMENTS = "90 DWT 3/90 DWT 3.entitlements";
				CODE_SIGN_IDENTITY = "iPhone Developer";
				"CODE_SIGN_IDENTITY[sdk=iphoneos*]" = "iPhone Developer";
				DEVELOPMENT_TEAM = 5SHF8ESE26;
				ENABLE_BITCODE = NO;
				FRAMEWORK_SEARCH_PATHS = "";
				GCC_PRECOMPILE_PREFIX_HEADER = YES;
				GCC_PREFIX_HEADER = "90 DWT 3/90 DWT 3-Prefix.pch";
				INFOPLIST_FILE = "90 DWT 3/90 DWT 3-Info.plist";
				IPHONEOS_DEPLOYMENT_TARGET = 9.3;
				LD_RUNPATH_SEARCH_PATHS = "$(inherited) @executable_path/Frameworks";
				LIBRARY_SEARCH_PATHS = "";
				ONLY_ACTIVE_ARCH = NO;
				OTHER_LDFLAGS = "-ObjC";
				PRODUCT_BUNDLE_IDENTIFIER = "com.g-rantsoftware.${PRODUCT_NAME:rfc1034identifier}";
				PRODUCT_NAME = "$(TARGET_NAME)";
				PROVISIONING_PROFILE = "";
				SWIFT_OBJC_BRIDGING_HEADER = "90 DWT 3-Bridging-Header.h";
				SWIFT_OPTIMIZATION_LEVEL = "-Onone";
				SWIFT_SWIFT3_OBJC_INFERENCE = Default;
				SWIFT_VERSION = 4.0;
				VALID_ARCHS = "armv7 armv7s arm64";
				WRAPPER_EXTENSION = app;
			};
			name = Debug;
		};
		A57206EE185F631B00638698 /* Release */ = {
			isa = XCBuildConfiguration;
			buildSettings = {
				ASSETCATALOG_COMPILER_APPICON_NAME = AppIcon;
				CLANG_ENABLE_MODULES = YES;
				CODE_SIGN_ENTITLEMENTS = "90 DWT 3/90 DWT 3.entitlements";
				CODE_SIGN_IDENTITY = "iPhone Developer";
				"CODE_SIGN_IDENTITY[sdk=iphoneos*]" = "iPhone Developer";
				DEVELOPMENT_TEAM = 5SHF8ESE26;
				ENABLE_BITCODE = NO;
				FRAMEWORK_SEARCH_PATHS = "";
				GCC_PRECOMPILE_PREFIX_HEADER = YES;
				GCC_PREFIX_HEADER = "90 DWT 3/90 DWT 3-Prefix.pch";
				INFOPLIST_FILE = "90 DWT 3/90 DWT 3-Info.plist";
				IPHONEOS_DEPLOYMENT_TARGET = 9.3;
				LD_RUNPATH_SEARCH_PATHS = "$(inherited) @executable_path/Frameworks";
				LIBRARY_SEARCH_PATHS = "";
				ONLY_ACTIVE_ARCH = NO;
				OTHER_LDFLAGS = "-ObjC";
				PRODUCT_BUNDLE_IDENTIFIER = "com.g-rantsoftware.${PRODUCT_NAME:rfc1034identifier}";
				PRODUCT_NAME = "$(TARGET_NAME)";
				PROVISIONING_PROFILE = "";
				SWIFT_OBJC_BRIDGING_HEADER = "90 DWT 3-Bridging-Header.h";
				SWIFT_SWIFT3_OBJC_INFERENCE = Default;
				SWIFT_VERSION = 4.0;
				VALID_ARCHS = "armv7 armv7s arm64";
				WRAPPER_EXTENSION = app;
			};
			name = Release;
		};
		A57206F0185F631B00638698 /* Debug */ = {
			isa = XCBuildConfiguration;
			buildSettings = {
				ALWAYS_EMBED_SWIFT_STANDARD_LIBRARIES = YES;
				BUNDLE_LOADER = "$(BUILT_PRODUCTS_DIR)/90 DWT 3.app/90 DWT 3";
				FRAMEWORK_SEARCH_PATHS = (
					"$(SDKROOT)/Developer/Library/Frameworks",
					"$(inherited)",
					"$(DEVELOPER_FRAMEWORKS_DIR)",
				);
				GCC_PRECOMPILE_PREFIX_HEADER = YES;
				GCC_PREFIX_HEADER = "90 DWT 3/90 DWT 3-Prefix.pch";
				GCC_PREPROCESSOR_DEFINITIONS = (
					"DEBUG=1",
					"$(inherited)",
				);
				INFOPLIST_FILE = "90 DWT 3Tests/90 DWT 3Tests-Info.plist";
				ONLY_ACTIVE_ARCH = NO;
				PRODUCT_BUNDLE_IDENTIFIER = "grantsoftware.com.${PRODUCT_NAME:rfc1034identifier}";
				PRODUCT_NAME = "$(TARGET_NAME)";
				TEST_HOST = "$(BUNDLE_LOADER)";
				VALID_ARCHS = "armv7 armv7s arm64";
				WRAPPER_EXTENSION = xctest;
			};
			name = Debug;
		};
		A57206F1185F631B00638698 /* Release */ = {
			isa = XCBuildConfiguration;
			buildSettings = {
				ALWAYS_EMBED_SWIFT_STANDARD_LIBRARIES = YES;
				BUNDLE_LOADER = "$(BUILT_PRODUCTS_DIR)/90 DWT 3.app/90 DWT 3";
				FRAMEWORK_SEARCH_PATHS = (
					"$(SDKROOT)/Developer/Library/Frameworks",
					"$(inherited)",
					"$(DEVELOPER_FRAMEWORKS_DIR)",
				);
				GCC_PRECOMPILE_PREFIX_HEADER = YES;
				GCC_PREFIX_HEADER = "90 DWT 3/90 DWT 3-Prefix.pch";
				INFOPLIST_FILE = "90 DWT 3Tests/90 DWT 3Tests-Info.plist";
				ONLY_ACTIVE_ARCH = NO;
				PRODUCT_BUNDLE_IDENTIFIER = "grantsoftware.com.${PRODUCT_NAME:rfc1034identifier}";
				PRODUCT_NAME = "$(TARGET_NAME)";
				TEST_HOST = "$(BUNDLE_LOADER)";
				VALID_ARCHS = "armv7 armv7s arm64";
				WRAPPER_EXTENSION = xctest;
			};
			name = Release;
		};
/* End XCBuildConfiguration section */

/* Begin XCConfigurationList section */
		A57206B5185F631B00638698 /* Build configuration list for PBXProject "90 DWT 3" */ = {
			isa = XCConfigurationList;
			buildConfigurations = (
				A57206EA185F631B00638698 /* Debug */,
				A57206EB185F631B00638698 /* Release */,
			);
			defaultConfigurationIsVisible = 0;
			defaultConfigurationName = Release;
		};
		A57206EC185F631B00638698 /* Build configuration list for PBXNativeTarget "90 DWT 3" */ = {
			isa = XCConfigurationList;
			buildConfigurations = (
				A57206ED185F631B00638698 /* Debug */,
				A57206EE185F631B00638698 /* Release */,
			);
			defaultConfigurationIsVisible = 0;
			defaultConfigurationName = Release;
		};
		A57206EF185F631B00638698 /* Build configuration list for PBXNativeTarget "90 DWT 3Tests" */ = {
			isa = XCConfigurationList;
			buildConfigurations = (
				A57206F0185F631B00638698 /* Debug */,
				A57206F1185F631B00638698 /* Release */,
			);
			defaultConfigurationIsVisible = 0;
			defaultConfigurationName = Release;
		};
/* End XCConfigurationList section */

/* Begin XCVersionGroup section */
		A57206D1185F631B00638698 /* _0_DWT_3.xcdatamodeld */ = {
			isa = XCVersionGroup;
			children = (
				A5A5F6E01E8EB1A600A4FB79 /* _0_DWT_ 3_v4.xcdatamodel */,
				A5B641B51E5C93C500A747BA /* _0_DWT_ 3_v3.xcdatamodel */,
				A562256D1C286C850026B141 /* _0_DWT_ 3_v2.xcdatamodel */,
				A57206D2185F631B00638698 /* _0_DWT_3.xcdatamodel */,
			);
			currentVersion = A5A5F6E01E8EB1A600A4FB79 /* _0_DWT_ 3_v4.xcdatamodel */;
			path = _0_DWT_3.xcdatamodeld;
			sourceTree = "<group>";
			versionGroupType = wrapper.xcdatamodel;
		};
/* End XCVersionGroup section */
	};
	rootObject = A57206B2185F631B00638698 /* Project object */;
}
